
Microsoft Visual Studio Solution File, Format Version 12.00
# Visual Studio 15
VisualStudioVersion = 15.0.27130.2024
MinimumVisualStudioVersion = 10.0.40219.1
Project("{FAE04EC0-301F-11D3-BF4B-00C04F79EFBC}") = "FindAverageValueOfArray", "FindAverageValueOfArray\FindAverageValueOfArray.csproj", "{EC42CECD-8B37-4D18-9023-198DD7AE769C}"
EndProject
Project("{FAE04EC0-301F-11D3-BF4B-00C04F79EFBC}") = "FindAverageValueOfArrayTests", "FindAverageValueOfArrayTests\FindAverageValueOfArrayTests.csproj", "{510FEA4E-079D-4803-A676-26D67BFD9052}"
EndProject
Global
	GlobalSection(SolutionConfigurationPlatforms) = preSolution
		Debug|Any CPU = Debug|Any CPU
		Release|Any CPU = Release|Any CPU
	EndGlobalSection
	GlobalSection(ProjectConfigurationPlatforms) = postSolution
		{EC42CECD-8B37-4D18-9023-198DD7AE769C}.Debug|Any CPU.ActiveCfg = Debug|Any CPU
		{EC42CECD-8B37-4D18-9023-198DD7AE769C}.Debug|Any CPU.Build.0 = Debug|Any CPU
		{EC42CECD-8B37-4D18-9023-198DD7AE769C}.Release|Any CPU.ActiveCfg = Release|Any CPU
		{EC42CECD-8B37-4D18-9023-198DD7AE769C}.Release|Any CPU.Build.0 = Release|Any CPU
		{510FEA4E-079D-4803-A676-26D67BFD9052}.Debug|Any CPU.ActiveCfg = Debug|Any CPU
		{510FEA4E-079D-4803-A676-26D67BFD9052}.Debug|Any CPU.Build.0 = Debug|Any CPU
		{510FEA4E-079D-4803-A676-26D67BFD9052}.Release|Any CPU.ActiveCfg = Release|Any CPU
		{510FEA4E-079D-4803-A676-26D67BFD9052}.Release|Any CPU.Build.0 = Release|Any CPU
	EndGlobalSection
	GlobalSection(SolutionProperties) = preSolution
		HideSolutionNode = FALSE
	EndGlobalSection
	GlobalSection(ExtensibilityGlobals) = postSolution
		SolutionGuid = {DB59159F-D638-4BE5-BB63-2406FEF4AF60}
	EndGlobalSection
EndGlobal
